
Microsoft Visual Studio Solution File, Format Version 12.00
# Visual Studio Version 17
VisualStudioVersion = 17.5.33414.496
MinimumVisualStudioVersion = 10.0.40219.1
Project("{FAE04EC0-301F-11D3-BF4B-00C04F79EFBC}") = "ejerclass8feb2024", "ejerclass8feb2024.csproj", "{62F79F92-E5A0-4EB1-81E0-59B380A4D5E6}"
EndProject
Global
	GlobalSection(SolutionConfigurationPlatforms) = preSolution
		Debug|Any CPU = Debug|Any CPU
		Release|Any CPU = Release|Any CPU
	EndGlobalSection
	GlobalSection(ProjectConfigurationPlatforms) = postSolution
		{62F79F92-E5A0-4EB1-81E0-59B380A4D5E6}.Debug|Any CPU.ActiveCfg = Debug|Any CPU
		{62F79F92-E5A0-4EB1-81E0-59B380A4D5E6}.Debug|Any CPU.Build.0 = Debug|Any CPU
		{62F79F92-E5A0-4EB1-81E0-59B380A4D5E6}.Release|Any CPU.ActiveCfg = Release|Any CPU
		{62F79F92-E5A0-4EB1-81E0-59B380A4D5E6}.Release|Any CPU.Build.0 = Release|Any CPU
	EndGlobalSection
	GlobalSection(SolutionProperties) = preSolution
		HideSolutionNode = FALSE
	EndGlobalSection
	GlobalSection(ExtensibilityGlobals) = postSolution
		SolutionGuid = {C822C40D-0CFB-478A-AA2F-3E202553FE14}
	EndGlobalSection
EndGlobal
